
Microsoft Visual Studio Solution File, Format Version 12.00
# Visual Studio Version 17
VisualStudioVersion = 17.14.36518.9 d17.14
MinimumVisualStudioVersion = 10.0.40219.1
Project("{FAE04EC0-301F-11D3-BF4B-00C04F79EFBC}") = "DeacNaomiLab7", "DeacNaomiLab7.csproj", "{8DB8A0A8-F48F-4D3E-91BF-590B65FE81AC}"
EndProject
Global
	GlobalSection(SolutionConfigurationPlatforms) = preSolution
		Debug|Any CPU = Debug|Any CPU
		Release|Any CPU = Release|Any CPU
	EndGlobalSection
	GlobalSection(ProjectConfigurationPlatforms) = postSolution
		{8DB8A0A8-F48F-4D3E-91BF-590B65FE81AC}.Debug|Any CPU.ActiveCfg = Debug|Any CPU
		{8DB8A0A8-F48F-4D3E-91BF-590B65FE81AC}.Debug|Any CPU.Build.0 = Debug|Any CPU
		{8DB8A0A8-F48F-4D3E-91BF-590B65FE81AC}.Debug|Any CPU.Deploy.0 = Debug|Any CPU
		{8DB8A0A8-F48F-4D3E-91BF-590B65FE81AC}.Release|Any CPU.ActiveCfg = Release|Any CPU
		{8DB8A0A8-F48F-4D3E-91BF-590B65FE81AC}.Release|Any CPU.Build.0 = Release|Any CPU
		{8DB8A0A8-F48F-4D3E-91BF-590B65FE81AC}.Release|Any CPU.Deploy.0 = Release|Any CPU
	EndGlobalSection
	GlobalSection(SolutionProperties) = preSolution
		HideSolutionNode = FALSE
	EndGlobalSection
	GlobalSection(ExtensibilityGlobals) = postSolution
		SolutionGuid = {B5BE05B5-99A2-4747-80AB-462AB57FB840}
	EndGlobalSection
EndGlobal
